{
    "_meta": {
        "hash": {
            "sha256": "ae6faae2f04c04510277e3a51f9c92e3dd319c5115f1313031d50105af2d86fb"
        },
        "pipfile-spec": 6,
        "requires": {
            "python_version": "3.11"
        },
        "sources": [
            {
                "name": "pypi",
                "url": "https://pypi.org/simple",
                "verify_ssl": true
            }
        ]
    },
    "default": {},
    "develop": {}
}
